// !$*UTF8*$!
{
	archiveVersion = 1;
	classes = {
	};
	objectVersion = 46;
	objects = {

/* Begin PBXBuildFile section */
		298D27A01B27710E00D8B8C8 /* main.m in Sources */ = {isa = PBXBuildFile; fileRef = 298D279F1B27710E00D8B8C8 /* main.m */; };
		298D27A31B27710E00D8B8C8 /* AppDelegate.m in Sources */ = {isa = PBXBuildFile; fileRef = 298D27A21B27710E00D8B8C8 /* AppDelegate.m */; };
		298D27A61B27710E00D8B8C8 /* ViewController.m in Sources */ = {isa = PBXBuildFile; fileRef = 298D27A51B27710E00D8B8C8 /* ViewController.m */; };
		298D27A91B27710E00D8B8C8 /* Main.storyboard in Resources */ = {isa = PBXBuildFile; fileRef = 298D27A71B27710E00D8B8C8 /* Main.storyboard */; };
		298D27AE1B27710E00D8B8C8 /* LaunchScreen.xib in Resources */ = {isa = PBXBuildFile; fileRef = 298D27AC1B27710E00D8B8C8 /* LaunchScreen.xib */; };
		298D27BA1B27710E00D8B8C8 /* boolStoryAppTests.m in Sources */ = {isa = PBXBuildFile; fileRef = 298D27B91B27710E00D8B8C8 /* boolStoryAppTests.m */; };
/* End PBXBuildFile section */

/* Begin PBXContainerItemProxy section */
		298D27B41B27710E00D8B8C8 /* PBXContainerItemProxy */ = {
			isa = PBXContainerItemProxy;
			containerPortal = 298D27921B27710E00D8B8C8 /* Project object */;
			proxyType = 1;
			remoteGlobalIDString = 298D27991B27710E00D8B8C8;
			remoteInfo = boolStoryApp;
		};
/* End PBXContainerItemProxy section */

/* Begin PBXFileReference section */
		298D279A1B27710E00D8B8C8 /* boolStoryApp.app */ = {isa = PBXFileReference; explicitFileType = wrapper.application; includeInIndex = 0; path = boolStoryApp.app; sourceTree = BUILT_PRODUCTS_DIR; };
		298D279E1B27710E00D8B8C8 /* Info.plist */ = {isa = PBXFileReference; lastKnownFileType = text.plist.xml; path = Info.plist; sourceTree = "<group>"; };
		298D279F1B27710E00D8B8C8 /* main.m */ = {isa = PBXFileReference; lastKnownFileType = sourcecode.c.objc; path = main.m; sourceTree = "<group>"; };
		298D27A11B27710E00D8B8C8 /* AppDelegate.h */ = {isa = PBXFileReference; lastKnownFileType = sourcecode.c.h; path = AppDelegate.h; sourceTree = "<group>"; };
		298D27A21B27710E00D8B8C8 /* AppDelegate.m */ = {isa = PBXFileReference; lastKnownFileType = sourcecode.c.objc; path = AppDelegate.m; sourceTree = "<group>"; };
		298D27A41B27710E00D8B8C8 /* ViewController.h */ = {isa = PBXFileReference; lastKnownFileType = sourcecode.c.h; path = ViewController.h; sourceTree = "<group>"; };
		298D27A51B27710E00D8B8C8 /* ViewController.m */ = {isa = PBXFileReference; lastKnownFileType = sourcecode.c.objc; path = ViewController.m; sourceTree = "<group>"; };
		298D27A81B27710E00D8B8C8 /* Base */ = {isa = PBXFileReference; lastKnownFileType = file.storyboard; name = Base; path = Base.lproj/Main.storyboard; sourceTree = "<group>"; };
		298D27AD1B27710E00D8B8C8 /* Base */ = {isa = PBXFileReference; lastKnownFileType = file.xib; name = Base; path = Base.lproj/LaunchScreen.xib; sourceTree = "<group>"; };
		298D27B31B27710E00D8B8C8 /* boolStoryAppTests.xctest */ = {isa = PBXFileReference; explicitFileType = wrapper.cfbundle; includeInIndex = 0; path = boolStoryAppTests.xctest; sourceTree = BUILT_PRODUCTS_DIR; };
		298D27B81B27710E00D8B8C8 /* Info.plist */ = {isa = PBXFileReference; lastKnownFileType = text.plist.xml; path = Info.plist; sourceTree = "<group>"; };
		298D27B91B27710E00D8B8C8 /* boolStoryAppTests.m */ = {isa = PBXFileReference; lastKnownFileType = sourcecode.c.objc; path = boolStoryAppTests.m; sourceTree = "<group>"; };
/* End PBXFileReference section */

/* Begin PBXFrameworksBuildPhase section */
		298D27971B27710E00D8B8C8 /* Frameworks */ = {
			isa = PBXFrameworksBuildPhase;
			buildActionMask = 2147483647;
			files = (
			);
			runOnlyForDeploymentPostprocessing = 0;
		};
		298D27B01B27710E00D8B8C8 /* Frameworks */ = {
			isa = PBXFrameworksBuildPhase;
			buildActionMask = 2147483647;
			files = (
			);
			runOnlyForDeploymentPostprocessing = 0;
		};
/* End PBXFrameworksBuildPhase section */

/* Begin PBXGroup section */
		298D27911B27710E00D8B8C8 = {
			isa = PBXGroup;
			children = (
				298D279C1B27710E00D8B8C8 /* boolStoryApp */,
				298D27B61B27710E00D8B8C8 /* boolStoryAppTests */,
				298D279B1B27710E00D8B8C8 /* Products */,
			);
			sourceTree = "<group>";
		};
		298D279B1B27710E00D8B8C8 /* Products */ = {
			isa = PBXGroup;
			children = (
				298D279A1B27710E00D8B8C8 /* boolStoryApp.app */,
				298D27B31B27710E00D8B8C8 /* boolStoryAppTests.xctest */,
			);
			name = Products;
			sourceTree = "<group>";
		};
		298D279C1B27710E00D8B8C8 /* boolStoryApp */ = {
			isa = PBXGroup;
			children = (
				298D27A11B27710E00D8B8C8 /* AppDelegate.h */,
				298D27A21B27710E00D8B8C8 /* AppDelegate.m */,
				298D27A41B27710E00D8B8C8 /* ViewController.h */,
				298D27A51B27710E00D8B8C8 /* ViewController.m */,
				298D27A71B27710E00D8B8C8 /* Main.storyboard */,
				298D27AC1B27710E00D8B8C8 /* LaunchScreen.xib */,
				298D279D1B27710E00D8B8C8 /* Supporting Files */,
			);
			path = boolStoryApp;
			sourceTree = "<group>";
		};
		298D279D1B27710E00D8B8C8 /* Supporting Files */ = {
			isa = PBXGroup;
			children = (
				298D279E1B27710E00D8B8C8 /* Info.plist */,
				298D279F1B27710E00D8B8C8 /* main.m */,
			);
			name = "Supporting Files";
			sourceTree = "<group>";
		};
		298D27B61B27710E00D8B8C8 /* boolStoryAppTests */ = {
			isa = PBXGroup;
			children = (
				298D27B91B27710E00D8B8C8 /* boolStoryAppTests.m */,
				298D27B71B27710E00D8B8C8 /* Supporting Files */,
			);
			path = boolStoryAppTests;
			sourceTree = "<group>";
		};
		298D27B71B27710E00D8B8C8 /* Supporting Files */ = {
			isa = PBXGroup;
			children = (
				298D27B81B27710E00D8B8C8 /* Info.plist */,
			);
			name = "Supporting Files";
			sourceTree = "<group>";
		};
/* End PBXGroup section */

/* Begin PBXNativeTarget section */
		298D27991B27710E00D8B8C8 /* boolStoryApp */ = {
			isa = PBXNativeTarget;
			buildConfigurationList = 298D27BD1B27710E00D8B8C8 /* Build configuration list for PBXNativeTarget "boolStoryApp" */;
			buildPhases = (
				298D27961B27710E00D8B8C8 /* Sources */,
				298D27971B27710E00D8B8C8 /* Frameworks */,
				298D27981B27710E00D8B8C8 /* Resources */,
			);
			buildRules = (
			);
			dependencies = (
			);
			name = boolStoryApp;
			productName = boolStoryApp;
			productReference = 298D279A1B27710E00D8B8C8 /* boolStoryApp.app */;
			productType = "com.apple.product-type.application";
		};
		298D27B21B27710E00D8B8C8 /* boolStoryAppTests */ = {
			isa = PBXNativeTarget;
			buildConfigurationList = 298D27C01B27710E00D8B8C8 /* Build configuration list for PBXNativeTarget "boolStoryAppTests" */;
			buildPhases = (
				298D27AF1B27710E00D8B8C8 /* Sources */,
				298D27B01B27710E00D8B8C8 /* Frameworks */,
				298D27B11B27710E00D8B8C8 /* Resources */,
			);
			buildRules = (
			);
			dependencies = (
				298D27B51B27710E00D8B8C8 /* PBXTargetDependency */,
			);
			name = boolStoryAppTests;
			productName = boolStoryAppTests;
			productReference = 298D27B31B27710E00D8B8C8 /* boolStoryAppTests.xctest */;
			productType = "com.apple.product-type.bundle.unit-test";
		};
/* End PBXNativeTarget section */

/* Begin PBXProject section */
		298D27921B27710E00D8B8C8 /* Project object */ = {
			isa = PBXProject;
			attributes = {
				LastUpgradeCheck = 0630;
				ORGANIZATIONNAME = "Ayuna Vogel";
				TargetAttributes = {
					298D27991B27710E00D8B8C8 = {
						CreatedOnToolsVersion = 6.3.2;
					};
					298D27B21B27710E00D8B8C8 = {
						CreatedOnToolsVersion = 6.3.2;
						TestTargetID = 298D27991B27710E00D8B8C8;
					};
				};
			};
			buildConfigurationList = 298D27951B27710E00D8B8C8 /* Build configuration list for PBXProject "boolStoryApp" */;
			compatibilityVersion = "Xcode 3.2";
			developmentRegion = English;
			hasScannedForEncodings = 0;
			knownRegions = (
				en,
				Base,
			);
			mainGroup = 298D27911B27710E00D8B8C8;
			productRefGroup = 298D279B1B27710E00D8B8C8 /* Products */;
			projectDirPath = "";
			projectRoot = "";
			targets = (
				298D27991B27710E00D8B8C8 /* boolStoryApp */,
				298D27B21B27710E00D8B8C8 /* boolStoryAppTests */,
			);
		};
/* End PBXProject section */

/* Begin PBXResourcesBuildPhase section */
		298D27981B27710E00D8B8C8 /* Resources */ = {
			isa = PBXResourcesBuildPhase;
			buildActionMask = 2147483647;
			files = (
				298D27A91B27710E00D8B8C8 /* Main.storyboard in Resources */,
				298D27AE1B27710E00D8B8C8 /* LaunchScreen.xib in Resources */,
			);
			runOnlyForDeploymentPostprocessing = 0;
		};
		298D27B11B27710E00D8B8C8 /* Resources */ = {
			isa = PBXResourcesBuildPhase;
			buildActionMask = 2147483647;
			files = (
			);
			runOnlyForDeploymentPostprocessing = 0;
		};
/* End PBXResourcesBuildPhase section */

/* Begin PBXSourcesBuildPhase section */
		298D27961B27710E00D8B8C8 /* Sources */ = {
			isa = PBXSourcesBuildPhase;
			buildActionMask = 2147483647;
			files = (
				298D27A61B27710E00D8B8C8 /* ViewController.m in Sources */,
				298D27A31B27710E00D8B8C8 /* AppDelegate.m in Sources */,
				298D27A01B27710E00D8B8C8 /* main.m in Sources */,
			);
			runOnlyForDeploymentPostprocessing = 0;
		};
		298D27AF1B27710E00D8B8C8 /* Sources */ = {
			isa = PBXSourcesBuildPhase;
			buildActionMask = 2147483647;
			files = (
				298D27BA1B27710E00D8B8C8 /* boolStoryAppTests.m in Sources */,
			);
			runOnlyForDeploymentPostprocessing = 0;
		};
/* End PBXSourcesBuildPhase section */

/* Begin PBXTargetDependency section */
		298D27B51B27710E00D8B8C8 /* PBXTargetDependency */ = {
			isa = PBXTargetDependency;
			target = 298D27991B27710E00D8B8C8 /* boolStoryApp */;
			targetProxy = 298D27B41B27710E00D8B8C8 /* PBXContainerItemProxy */;
		};
/* End PBXTargetDependency section */

/* Begin PBXVariantGroup section */
		298D27A71B27710E00D8B8C8 /* Main.storyboard */ = {
			isa = PBXVariantGroup;
			children = (
				298D27A81B27710E00D8B8C8 /* Base */,
			);
			name = Main.storyboard;
			sourceTree = "<group>";
		};
		298D27AC1B27710E00D8B8C8 /* LaunchScreen.xib */ = {
			isa = PBXVariantGroup;
			children = (
				298D27AD1B27710E00D8B8C8 /* Base */,
			);
			name = LaunchScreen.xib;
			sourceTree = "<group>";
		};
/* End PBXVariantGroup section */

/* Begin XCBuildConfiguration section */
		298D27BB1B27710E00D8B8C8 /* Debug */ = {
			isa = XCBuildConfiguration;
			buildSettings = {
				ALWAYS_SEARCH_USER_PATHS = NO;
				CLANG_CXX_LANGUAGE_STANDARD = "gnu++0x";
				CLANG_CXX_LIBRARY = "libc++";
				CLANG_ENABLE_MODULES = YES;
				CLANG_ENABLE_OBJC_ARC = YES;
				CLANG_WARN_BOOL_CONVERSION = YES;
				CLANG_WARN_CONSTANT_CONVERSION = YES;
				CLANG_WARN_DIRECT_OBJC_ISA_USAGE = YES_ERROR;
				CLANG_WARN_EMPTY_BODY = YES;
				CLANG_WARN_ENUM_CONVERSION = YES;
				CLANG_WARN_INT_CONVERSION = YES;
				CLANG_WARN_OBJC_ROOT_CLASS = YES_ERROR;
				CLANG_WARN_UNREACHABLE_CODE = YES;
				CLANG_WARN__DUPLICATE_METHOD_MATCH = YES;
				"CODE_SIGN_IDENTITY[sdk=iphoneos*]" = "iPhone Developer";
				COPY_PHASE_STRIP = NO;
				DEBUG_INFORMATION_FORMAT = "dwarf-with-dsym";
				ENABLE_STRICT_OBJC_MSGSEND = YES;
				GCC_C_LANGUAGE_STANDARD = gnu99;
				GCC_DYNAMIC_NO_PIC = NO;
				GCC_NO_COMMON_BLOCKS = YES;
				GCC_OPTIMIZATION_LEVEL = 0;
				GCC_PREPROCESSOR_DEFINITIONS = (
					"DEBUG=1",
					"$(inherited)",
				);
				GCC_SYMBOLS_PRIVATE_EXTERN = NO;
				GCC_WARN_64_TO_32_BIT_CONVERSION = YES;
				GCC_WARN_ABOUT_RETURN_TYPE = YES_ERROR;
				GCC_WARN_UNDECLARED_SELECTOR = YES;
				GCC_WARN_UNINITIALIZED_AUTOS = YES_AGGRESSIVE;
				GCC_WARN_UNUSED_FUNCTION = YES;
				GCC_WARN_UNUSED_VARIABLE = YES;
				IPHONEOS_DEPLOYMENT_TARGET = 8.3;
				MTL_ENABLE_DEBUG_INFO = YES;
				ONLY_ACTIVE_ARCH = YES;
				SDKROOT = iphoneos;
				TARGETED_DEVICE_FAMILY = "1,2";
			};
			name = Debug;
		};
		298D27BC1B27710E00D8B8C8 /* Release */ = {
			isa = XCBuildConfiguration;
			buildSettings = {
				ALWAYS_SEARCH_USER_PATHS = NO;
				CLANG_CXX_LANGUAGE_STANDARD = "gnu++0x";
				CLANG_CXX_LIBRARY = "libc++";
				CLANG_ENABLE_MODULES = YES;
				CLANG_ENABLE_OBJC_ARC = YES;
				CLANG_WARN_BOOL_CONVERSION = YES;
				CLANG_WARN_CONSTANT_CONVERSION = YES;
				CLANG_WARN_DIRECT_OBJC_ISA_USAGE = YES_ERROR;
				CLANG_WARN_EMPTY_BODY = YES;
				CLANG_WARN_ENUM_CONVERSION = YES;
				CLANG_WARN_INT_CONVERSION = YES;
				CLANG_WARN_OBJC_ROOT_CLASS = YES_ERROR;
				CLANG_WARN_UNREACHABLE_CODE = YES;
				CLANG_WARN__DUPLICATE_METHOD_MATCH = YES;
				"CODE_SIGN_IDENTITY[sdk=iphoneos*]" = "iPhone Developer";
				COPY_PHASE_STRIP = NO;
				DEBUG_INFORMATION_FORMAT = "dwarf-with-dsym";
				ENABLE_NS_ASSERTIONS = NO;
				ENABLE_STRICT_OBJC_MSGSEND = YES;
				GCC_C_LANGUAGE_STANDARD = gnu99;
				GCC_NO_COMMON_BLOCKS = YES;
				GCC_WARN_64_TO_32_BIT_CONVERSION = YES;
				GCC_WARN_ABOUT_RETURN_TYPE = YES_ERROR;
				GCC_WARN_UNDECLARED_SELECTOR = YES;
				GCC_WARN_UNINITIALIZED_AUTOS = YES_AGGRESSIVE;
				GCC_WARN_UNUSED_FUNCTION = YES;
				GCC_WARN_UNUSED_VARIABLE = YES;
				IPHONEOS_DEPLOYMENT_TARGET = 8.3;
				MTL_ENABLE_DEBUG_INFO = NO;
				SDKROOT = iphoneos;
				TARGETED_DEVICE_FAMILY = "1,2";
				VALIDATE_PRODUCT = YES;
			};
			name = Release;
		};
		298D27BE1B27710E00D8B8C8 /* Debug */ = {
			isa = XCBuildConfiguration;
			buildSettings = {
				ASSETCATALOG_COMPILER_APPICON_NAME = AppIcon;
				INFOPLIST_FILE = boolStoryApp/Info.plist;
				LD_RUNPATH_SEARCH_PATHS = "$(inherited) @executable_path/Frameworks";
				PRODUCT_NAME = "$(TARGET_NAME)";
			};
			name = Debug;
		};
		298D27BF1B27710E00D8B8C8 /* Release */ = {
			isa = XCBuildConfiguration;
			buildSettings = {
				ASSETCATALOG_COMPILER_APPICON_NAME = AppIcon;
				INFOPLIST_FILE = boolStoryApp/Info.plist;
				LD_RUNPATH_SEARCH_PATHS = "$(inherited) @executable_path/Frameworks";
				PRODUCT_NAME = "$(TARGET_NAME)";
			};
			name = Release;
		};
		298D27C11B27710E00D8B8C8 /* Debug */ = {
			isa = XCBuildConfiguration;
			buildSettings = {
				BUNDLE_LOADER = "$(TEST_HOST)";
				FRAMEWORK_SEARCH_PATHS = (
					"$(SDKROOT)/Developer/Library/Frameworks",
					"$(inherited)",
				);
				GCC_PREPROCESSOR_DEFINITIONS = (
					"DEBUG=1",
					"$(inherited)",
				);
				INFOPLIST_FILE = boolStoryAppTests/Info.plist;
				LD_RUNPATH_SEARCH_PATHS = "$(inherited) @executable_path/Frameworks @loader_path/Frameworks";
				PRODUCT_NAME = "$(TARGET_NAME)";
				TEST_HOST = "$(BUILT_PRODUCTS_DIR)/boolStoryApp.app/boolStoryApp";
			};
			name = Debug;
		};
		298D27C21B27710E00D8B8C8 /* Release */ = {
			isa = XCBuildConfiguration;
			buildSettings = {
				BUNDLE_LOADER = "$(TEST_HOST)";
				FRAMEWORK_SEARCH_PATHS = (
					"$(SDKROOT)/Developer/Library/Frameworks",
					"$(inherited)",
				);
				INFOPLIST_FILE = boolStoryAppTests/Info.plist;
				LD_RUNPATH_SEARCH_PATHS = "$(inherited) @executable_path/Frameworks @loader_path/Frameworks";
				PRODUCT_NAME = "$(TARGET_NAME)";
				TEST_HOST = "$(BUILT_PRODUCTS_DIR)/boolStoryApp.app/boolStoryApp";
			};
			name = Release;
		};
/* End XCBuildConfiguration section */

/* Begin XCConfigurationList section */
		298D27951B27710E00D8B8C8 /* Build configuration list for PBXProject "boolStoryApp" */ = {
			isa = XCConfigurationList;
			buildConfigurations = (
				298D27BB1B27710E00D8B8C8 /* Debug */,
				298D27BC1B27710E00D8B8C8 /* Release */,
			);
			defaultConfigurationIsVisible = 0;
			defaultConfigurationName = Release;
		};
		298D27BD1B27710E00D8B8C8 /* Build configuration list for PBXNativeTarget "boolStoryApp" */ = {
			isa = XCConfigurationList;
			buildConfigurations = (
				298D27BE1B27710E00D8B8C8 /* Debug */,
				298D27BF1B27710E00D8B8C8 /* Release */,
			);
			defaultConfigurationIsVisible = 0;
		};
		298D27C01B27710E00D8B8C8 /* Build configuration list for PBXNativeTarget "boolStoryAppTests" */ = {
			isa = XCConfigurationList;
			buildConfigurations = (
				298D27C11B27710E00D8B8C8 /* Debug */,
				298D27C21B27710E00D8B8C8 /* Release */,
			);
			defaultConfigurationIsVisible = 0;
		};
/* End XCConfigurationList section */
	};
	rootObject = 298D27921B27710E00D8B8C8 /* Project object */;
}
